// !$*UTF8*$!
{
	archiveVersion = 1;
	classes = {
	};
	objectVersion = 51;
	objects = {

/* Begin PBXBuildFile section */
		061195D72462C8DC00306DE0 /* CarouselTricksCollectionViewCell.swift in Sources */ = {isa = PBXBuildFile; fileRef = 061195D62462C8DC00306DE0 /* CarouselTricksCollectionViewCell.swift */; };
		061AAAB9245B42000010152E /* Sign.storyboard in Resources */ = {isa = PBXBuildFile; fileRef = 061AAAB8245B42000010152E /* Sign.storyboard */; };
		061AAABC245B421A0010152E /* SignUpViewController.swift in Sources */ = {isa = PBXBuildFile; fileRef = 061AAABB245B421A0010152E /* SignUpViewController.swift */; };
		06222CF3246C067B00E3D454 /* ChallengeLandingViewController.swift in Sources */ = {isa = PBXBuildFile; fileRef = 06222CF2246C067B00E3D454 /* ChallengeLandingViewController.swift */; };
		06222CF5246C7C2600E3D454 /* ChallengeAcceptedViewController.swift in Sources */ = {isa = PBXBuildFile; fileRef = 06222CF4246C7C2600E3D454 /* ChallengeAcceptedViewController.swift */; };
		06222CF7246D3BB300E3D454 /* SettingsViewController.swift in Sources */ = {isa = PBXBuildFile; fileRef = 06222CF6246D3BB300E3D454 /* SettingsViewController.swift */; };
		063073742463FAF800436F70 /* OnBoarding.storyboard in Resources */ = {isa = PBXBuildFile; fileRef = 063073732463FAF800436F70 /* OnBoarding.storyboard */; };
		063073772463FEEF00436F70 /* OnBoardingViewController.swift in Sources */ = {isa = PBXBuildFile; fileRef = 063073762463FEEF00436F70 /* OnBoardingViewController.swift */; };
		0630737924640A7F00436F70 /* SignsViewController.swift in Sources */ = {isa = PBXBuildFile; fileRef = 0630737824640A7F00436F70 /* SignsViewController.swift */; };
		06324E3C2466A32A006EA196 /* handleErrors.swift in Sources */ = {isa = PBXBuildFile; fileRef = 06324E3B2466A32A006EA196 /* handleErrors.swift */; };
		06324E3E2466AF47006EA196 /* ForgotPasswordViewController.swift in Sources */ = {isa = PBXBuildFile; fileRef = 06324E3D2466AF47006EA196 /* ForgotPasswordViewController.swift */; };
		06324E402467012F006EA196 /* art.scnassets in Resources */ = {isa = PBXBuildFile; fileRef = 06324E3F2467012F006EA196 /* art.scnassets */; };
		06324E422467018F006EA196 /* ARViewController.swift in Sources */ = {isa = PBXBuildFile; fileRef = 06324E412467018F006EA196 /* ARViewController.swift */; };
		0633FC7E245AC8C80096D2E4 /* Map.storyboard in Resources */ = {isa = PBXBuildFile; fileRef = 0633FC7D245AC8C80096D2E4 /* Map.storyboard */; };
		0633FC80245AC8D60096D2E4 /* Games.storyboard in Resources */ = {isa = PBXBuildFile; fileRef = 0633FC7F245AC8D60096D2E4 /* Games.storyboard */; };
		0633FC82245AC8F20096D2E4 /* Profile.storyboard in Resources */ = {isa = PBXBuildFile; fileRef = 0633FC81245AC8F20096D2E4 /* Profile.storyboard */; };
		064D5FB32472A81F005747B4 /* MapboxMobileEvents.framework in Frameworks */ = {isa = PBXBuildFile; fileRef = 064D5FB22472A81F005747B4 /* MapboxMobileEvents.framework */; };
		0655284F2456CBC000EC2415 /* ListTricksViewController.swift in Sources */ = {isa = PBXBuildFile; fileRef = 0655284E2456CBC000EC2415 /* ListTricksViewController.swift */; };
		065C7E2A2472F49A00037CE6 /* tableView.swift in Sources */ = {isa = PBXBuildFile; fileRef = 065C7E292472F49A00037CE6 /* tableView.swift */; };
		06601D012453187700267E5D /* AR.storyboard in Resources */ = {isa = PBXBuildFile; fileRef = 06601D002453187700267E5D /* AR.storyboard */; };
		0669151924687BED003D2B29 /* CustomTabBar.swift in Sources */ = {isa = PBXBuildFile; fileRef = 0669151824687BED003D2B29 /* CustomTabBar.swift */; };
		066AFD09246AE56500F0147F /* GamesViewController.swift in Sources */ = {isa = PBXBuildFile; fileRef = 066AFD08246AE56500F0147F /* GamesViewController.swift */; };
		066AFD0B246AE62800F0147F /* ListPlayersViewController.swift in Sources */ = {isa = PBXBuildFile; fileRef = 066AFD0A246AE62800F0147F /* ListPlayersViewController.swift */; };
		066AFD0D246AECD200F0147F /* GamesService.swift in Sources */ = {isa = PBXBuildFile; fileRef = 066AFD0C246AECD200F0147F /* GamesService.swift */; };
		066AFD0F246AFCDB00F0147F /* ListPlayersTableViewCell.swift in Sources */ = {isa = PBXBuildFile; fileRef = 066AFD0E246AFCDB00F0147F /* ListPlayersTableViewCell.swift */; };
		06805F6A24657EF000280A7F /* ProfileViewController.swift in Sources */ = {isa = PBXBuildFile; fileRef = 06805F6924657EF000280A7F /* ProfileViewController.swift */; };
		06805F6E2465BC7C00280A7F /* SetProfileInformation.storyboard in Resources */ = {isa = PBXBuildFile; fileRef = 06805F6D2465BC7C00280A7F /* SetProfileInformation.storyboard */; };
		06805F702465BC8F00280A7F /* SetProfileInformationViewController.swift in Sources */ = {isa = PBXBuildFile; fileRef = 06805F6F2465BC8F00280A7F /* SetProfileInformationViewController.swift */; };
		06805F722465C18400280A7F /* GoogleAuthManager.swift in Sources */ = {isa = PBXBuildFile; fileRef = 06805F712465C18400280A7F /* GoogleAuthManager.swift */; };
		06805F742465C19700280A7F /* FacebookAuthManager.swift in Sources */ = {isa = PBXBuildFile; fileRef = 06805F732465C19700280A7F /* FacebookAuthManager.swift */; };
		06987C9B246194D500D4BF8F /* MainListTricksTableViewCell.swift in Sources */ = {isa = PBXBuildFile; fileRef = 06987C9A246194D500D4BF8F /* MainListTricksTableViewCell.swift */; };
		06987C9D2461A5B100D4BF8F /* Button.swift in Sources */ = {isa = PBXBuildFile; fileRef = 06987C9C2461A5B100D4BF8F /* Button.swift */; };
		069AC3EE245C4B4000AE0F2E /* FirebaseAuthManager.swift in Sources */ = {isa = PBXBuildFile; fileRef = 069AC3ED245C4B4000AE0F2E /* FirebaseAuthManager.swift */; };
		069AC3F4245C84CB00AE0F2E /* MainListTricksViewController.swift in Sources */ = {isa = PBXBuildFile; fileRef = 069AC3F3245C84CB00AE0F2E /* MainListTricksViewController.swift */; };
		069CE52C246D9F5900C0EFE8 /* SessionService.swift in Sources */ = {isa = PBXBuildFile; fileRef = 069CE52B246D9F5900C0EFE8 /* SessionService.swift */; };
		06A52817245AE38D0026C2A1 /* TabBarViewController.swift in Sources */ = {isa = PBXBuildFile; fileRef = 06A52816245AE38D0026C2A1 /* TabBarViewController.swift */; };
		06B03C432464553300191C15 /* textField.swift in Sources */ = {isa = PBXBuildFile; fileRef = 06B03C422464553300191C15 /* textField.swift */; };
		06BB784A245195910018F605 /* Colors.swift in Sources */ = {isa = PBXBuildFile; fileRef = 06BB7849245195910018F605 /* Colors.swift */; };
		06C56B8C245C358D00BAC9FB /* SignInViewController.swift in Sources */ = {isa = PBXBuildFile; fileRef = 06C56B8B245C358D00BAC9FB /* SignInViewController.swift */; };
		06C6AF0524600A2A008E45AC /* User.swift in Sources */ = {isa = PBXBuildFile; fileRef = 06C6AF0424600A2A008E45AC /* User.swift */; };
		06C6AF0A24600F7D008E45AC /* TrickService.swift in Sources */ = {isa = PBXBuildFile; fileRef = 06C6AF0924600F7D008E45AC /* TrickService.swift */; };
		06C6AF0C246021D5008E45AC /* LevelService.swift in Sources */ = {isa = PBXBuildFile; fileRef = 06C6AF0B246021D5008E45AC /* LevelService.swift */; };
		06C6AF0E24604507008E45AC /* UserService.swift in Sources */ = {isa = PBXBuildFile; fileRef = 06C6AF0D24604507008E45AC /* UserService.swift */; };
		06D2AC1C24598552000CC0AB /* ListTricksTableViewCell.swift in Sources */ = {isa = PBXBuildFile; fileRef = 06D2AC1B24598552000CC0AB /* ListTricksTableViewCell.swift */; };
		06D2AC1F24599554000CC0AB /* Trick.swift in Sources */ = {isa = PBXBuildFile; fileRef = 06D2AC1E24599554000CC0AB /* Trick.swift */; };
		06E0F51324596BB6003CAB56 /* GoogleService-Info.plist in Resources */ = {isa = PBXBuildFile; fileRef = 06E0F51224596BB6003CAB56 /* GoogleService-Info.plist */; };
		06E352C82459BE8600722B02 /* Heebo-Regular.ttf in Resources */ = {isa = PBXBuildFile; fileRef = 06D2AC212459B8E2000CC0AB /* Heebo-Regular.ttf */; };
		06E352C92459BE8900722B02 /* Polly-Regular.otf in Resources */ = {isa = PBXBuildFile; fileRef = 06D2AC232459B905000CC0AB /* Polly-Regular.otf */; };
		06E352CA2459BE8C00722B02 /* TuskerGrotesk-4500Medium.ttf in Resources */ = {isa = PBXBuildFile; fileRef = 06D2AC252459B92C000CC0AB /* TuskerGrotesk-4500Medium.ttf */; };
		06E352CC2459D14500722B02 /* StackView.swift in Sources */ = {isa = PBXBuildFile; fileRef = 06E352CB2459D14500722B02 /* StackView.swift */; };
		06E37F22246937C3005CBFB4 /* NavigationViewController.swift in Sources */ = {isa = PBXBuildFile; fileRef = 06E37F21246937C3005CBFB4 /* NavigationViewController.swift */; };
		06E37F242469426F005CBFB4 /* Gradient.swift in Sources */ = {isa = PBXBuildFile; fileRef = 06E37F232469426F005CBFB4 /* Gradient.swift */; };
		0F5D3D37244D88D200D13D0C /* AppDelegate.swift in Sources */ = {isa = PBXBuildFile; fileRef = 0F5D3D36244D88D200D13D0C /* AppDelegate.swift */; };
		0F5D3D39244D88D200D13D0C /* SceneDelegate.swift in Sources */ = {isa = PBXBuildFile; fileRef = 0F5D3D38244D88D200D13D0C /* SceneDelegate.swift */; };
		0F5D3D3B244D88D200D13D0C /* ViewController.swift in Sources */ = {isa = PBXBuildFile; fileRef = 0F5D3D3A244D88D200D13D0C /* ViewController.swift */; };
		0F5D3D3E244D88D200D13D0C /* Main.storyboard in Resources */ = {isa = PBXBuildFile; fileRef = 0F5D3D3C244D88D200D13D0C /* Main.storyboard */; };
		0F5D3D40244D88D500D13D0C /* Assets.xcassets in Resources */ = {isa = PBXBuildFile; fileRef = 0F5D3D3F244D88D500D13D0C /* Assets.xcassets */; };
		0F5D3D43244D88D500D13D0C /* LaunchScreen.storyboard in Resources */ = {isa = PBXBuildFile; fileRef = 0F5D3D41244D88D500D13D0C /* LaunchScreen.storyboard */; };
		0F79069B246D1181008A25B7 /* MapViewController.swift in Sources */ = {isa = PBXBuildFile; fileRef = 0F79069A246D1181008A25B7 /* MapViewController.swift */; };
		0F79069D246D1191008A25B7 /* SpotDetailViewController.swift in Sources */ = {isa = PBXBuildFile; fileRef = 0F79069C246D1191008A25B7 /* SpotDetailViewController.swift */; };
		0F79069F246D11A7008A25B7 /* SpotCreationViewController.swift in Sources */ = {isa = PBXBuildFile; fileRef = 0F79069E246D11A7008A25B7 /* SpotCreationViewController.swift */; };
		0F7906A1246D1282008A25B7 /* Spot.swift in Sources */ = {isa = PBXBuildFile; fileRef = 0F7906A0246D1282008A25B7 /* Spot.swift */; };
		0F7906A6246D9660008A25B7 /* CarouselUsersTableViewCell.swift in Sources */ = {isa = PBXBuildFile; fileRef = 0F7906A5246D9660008A25B7 /* CarouselUsersTableViewCell.swift */; };
		A70F1FE2DF6C2320A29A832A /* Pods_crewsade_app.framework in Frameworks */ = {isa = PBXBuildFile; fileRef = 97C5C50E0F4C9ED416B8CAE5 /* Pods_crewsade_app.framework */; };
/* End PBXBuildFile section */

/* Begin PBXFileReference section */
		061195D62462C8DC00306DE0 /* CarouselTricksCollectionViewCell.swift */ = {isa = PBXFileReference; lastKnownFileType = sourcecode.swift; path = CarouselTricksCollectionViewCell.swift; sourceTree = "<group>"; };
		061AAAB8245B42000010152E /* Sign.storyboard */ = {isa = PBXFileReference; lastKnownFileType = file.storyboard; path = Sign.storyboard; sourceTree = "<group>"; };
		061AAABB245B421A0010152E /* SignUpViewController.swift */ = {isa = PBXFileReference; lastKnownFileType = sourcecode.swift; path = SignUpViewController.swift; sourceTree = "<group>"; };
		06222CF2246C067B00E3D454 /* ChallengeLandingViewController.swift */ = {isa = PBXFileReference; lastKnownFileType = sourcecode.swift; path = ChallengeLandingViewController.swift; sourceTree = "<group>"; };
		06222CF4246C7C2600E3D454 /* ChallengeAcceptedViewController.swift */ = {isa = PBXFileReference; lastKnownFileType = sourcecode.swift; path = ChallengeAcceptedViewController.swift; sourceTree = "<group>"; };
		06222CF6246D3BB300E3D454 /* SettingsViewController.swift */ = {isa = PBXFileReference; lastKnownFileType = sourcecode.swift; path = SettingsViewController.swift; sourceTree = "<group>"; };
		063073732463FAF800436F70 /* OnBoarding.storyboard */ = {isa = PBXFileReference; lastKnownFileType = file.storyboard; path = OnBoarding.storyboard; sourceTree = "<group>"; };
		063073762463FEEF00436F70 /* OnBoardingViewController.swift */ = {isa = PBXFileReference; lastKnownFileType = sourcecode.swift; path = OnBoardingViewController.swift; sourceTree = "<group>"; };
		0630737824640A7F00436F70 /* SignsViewController.swift */ = {isa = PBXFileReference; lastKnownFileType = sourcecode.swift; path = SignsViewController.swift; sourceTree = "<group>"; };
		06324E3B2466A32A006EA196 /* handleErrors.swift */ = {isa = PBXFileReference; lastKnownFileType = sourcecode.swift; path = handleErrors.swift; sourceTree = "<group>"; };
		06324E3D2466AF47006EA196 /* ForgotPasswordViewController.swift */ = {isa = PBXFileReference; lastKnownFileType = sourcecode.swift; path = ForgotPasswordViewController.swift; sourceTree = "<group>"; };
		06324E3F2467012F006EA196 /* art.scnassets */ = {isa = PBXFileReference; lastKnownFileType = wrapper.scnassets; path = art.scnassets; sourceTree = "<group>"; };
		06324E412467018F006EA196 /* ARViewController.swift */ = {isa = PBXFileReference; lastKnownFileType = sourcecode.swift; path = ARViewController.swift; sourceTree = "<group>"; };
		0633FC7D245AC8C80096D2E4 /* Map.storyboard */ = {isa = PBXFileReference; lastKnownFileType = file.storyboard; path = Map.storyboard; sourceTree = "<group>"; };
		0633FC7F245AC8D60096D2E4 /* Games.storyboard */ = {isa = PBXFileReference; lastKnownFileType = file.storyboard; path = Games.storyboard; sourceTree = "<group>"; };
		0633FC81245AC8F20096D2E4 /* Profile.storyboard */ = {isa = PBXFileReference; lastKnownFileType = file.storyboard; path = Profile.storyboard; sourceTree = "<group>"; };
		064D5FB22472A81F005747B4 /* MapboxMobileEvents.framework */ = {isa = PBXFileReference; explicitFileType = wrapper.framework; path = MapboxMobileEvents.framework; sourceTree = BUILT_PRODUCTS_DIR; };
		0655284E2456CBC000EC2415 /* ListTricksViewController.swift */ = {isa = PBXFileReference; lastKnownFileType = sourcecode.swift; path = ListTricksViewController.swift; sourceTree = "<group>"; };
		065C7E292472F49A00037CE6 /* tableView.swift */ = {isa = PBXFileReference; lastKnownFileType = sourcecode.swift; path = tableView.swift; sourceTree = "<group>"; };
		06601D002453187700267E5D /* AR.storyboard */ = {isa = PBXFileReference; lastKnownFileType = file.storyboard; path = AR.storyboard; sourceTree = "<group>"; };
		0669151824687BED003D2B29 /* CustomTabBar.swift */ = {isa = PBXFileReference; lastKnownFileType = sourcecode.swift; path = CustomTabBar.swift; sourceTree = "<group>"; };
		066AFD08246AE56500F0147F /* GamesViewController.swift */ = {isa = PBXFileReference; lastKnownFileType = sourcecode.swift; path = GamesViewController.swift; sourceTree = "<group>"; };
		066AFD0A246AE62800F0147F /* ListPlayersViewController.swift */ = {isa = PBXFileReference; lastKnownFileType = sourcecode.swift; path = ListPlayersViewController.swift; sourceTree = "<group>"; };
		066AFD0C246AECD200F0147F /* GamesService.swift */ = {isa = PBXFileReference; lastKnownFileType = sourcecode.swift; path = GamesService.swift; sourceTree = "<group>"; };
		066AFD0E246AFCDB00F0147F /* ListPlayersTableViewCell.swift */ = {isa = PBXFileReference; lastKnownFileType = sourcecode.swift; path = ListPlayersTableViewCell.swift; sourceTree = "<group>"; };
		06805F6924657EF000280A7F /* ProfileViewController.swift */ = {isa = PBXFileReference; lastKnownFileType = sourcecode.swift; path = ProfileViewController.swift; sourceTree = "<group>"; };
		06805F6D2465BC7C00280A7F /* SetProfileInformation.storyboard */ = {isa = PBXFileReference; lastKnownFileType = file.storyboard; path = SetProfileInformation.storyboard; sourceTree = "<group>"; };
		06805F6F2465BC8F00280A7F /* SetProfileInformationViewController.swift */ = {isa = PBXFileReference; lastKnownFileType = sourcecode.swift; path = SetProfileInformationViewController.swift; sourceTree = "<group>"; };
		06805F712465C18400280A7F /* GoogleAuthManager.swift */ = {isa = PBXFileReference; lastKnownFileType = sourcecode.swift; path = GoogleAuthManager.swift; sourceTree = "<group>"; };
		06805F732465C19700280A7F /* FacebookAuthManager.swift */ = {isa = PBXFileReference; lastKnownFileType = sourcecode.swift; path = FacebookAuthManager.swift; sourceTree = "<group>"; };
		06987C9A246194D500D4BF8F /* MainListTricksTableViewCell.swift */ = {isa = PBXFileReference; lastKnownFileType = sourcecode.swift; path = MainListTricksTableViewCell.swift; sourceTree = "<group>"; };
		06987C9C2461A5B100D4BF8F /* Button.swift */ = {isa = PBXFileReference; lastKnownFileType = sourcecode.swift; path = Button.swift; sourceTree = "<group>"; };
		069AC3ED245C4B4000AE0F2E /* FirebaseAuthManager.swift */ = {isa = PBXFileReference; lastKnownFileType = sourcecode.swift; path = FirebaseAuthManager.swift; sourceTree = "<group>"; };
		069AC3F3245C84CB00AE0F2E /* MainListTricksViewController.swift */ = {isa = PBXFileReference; lastKnownFileType = sourcecode.swift; path = MainListTricksViewController.swift; sourceTree = "<group>"; };
		069CE52B246D9F5900C0EFE8 /* SessionService.swift */ = {isa = PBXFileReference; lastKnownFileType = sourcecode.swift; path = SessionService.swift; sourceTree = "<group>"; };
		06A52816245AE38D0026C2A1 /* TabBarViewController.swift */ = {isa = PBXFileReference; lastKnownFileType = sourcecode.swift; path = TabBarViewController.swift; sourceTree = "<group>"; };
		06B03C422464553300191C15 /* textField.swift */ = {isa = PBXFileReference; lastKnownFileType = sourcecode.swift; path = textField.swift; sourceTree = "<group>"; };
		06BB7849245195910018F605 /* Colors.swift */ = {isa = PBXFileReference; lastKnownFileType = sourcecode.swift; path = Colors.swift; sourceTree = "<group>"; };
		06C56B8B245C358D00BAC9FB /* SignInViewController.swift */ = {isa = PBXFileReference; lastKnownFileType = sourcecode.swift; path = SignInViewController.swift; sourceTree = "<group>"; };
		06C6AF0424600A2A008E45AC /* User.swift */ = {isa = PBXFileReference; lastKnownFileType = sourcecode.swift; path = User.swift; sourceTree = "<group>"; };
		06C6AF0924600F7D008E45AC /* TrickService.swift */ = {isa = PBXFileReference; lastKnownFileType = sourcecode.swift; path = TrickService.swift; sourceTree = "<group>"; };
		06C6AF0B246021D5008E45AC /* LevelService.swift */ = {isa = PBXFileReference; lastKnownFileType = sourcecode.swift; path = LevelService.swift; sourceTree = "<group>"; };
		06C6AF0D24604507008E45AC /* UserService.swift */ = {isa = PBXFileReference; lastKnownFileType = sourcecode.swift; path = UserService.swift; sourceTree = "<group>"; };
		06D2AC1B24598552000CC0AB /* ListTricksTableViewCell.swift */ = {isa = PBXFileReference; lastKnownFileType = sourcecode.swift; path = ListTricksTableViewCell.swift; sourceTree = "<group>"; };
		06D2AC1E24599554000CC0AB /* Trick.swift */ = {isa = PBXFileReference; lastKnownFileType = sourcecode.swift; path = Trick.swift; sourceTree = "<group>"; };
		06D2AC212459B8E2000CC0AB /* Heebo-Regular.ttf */ = {isa = PBXFileReference; lastKnownFileType = file; path = "Heebo-Regular.ttf"; sourceTree = "<group>"; };
		06D2AC232459B905000CC0AB /* Polly-Regular.otf */ = {isa = PBXFileReference; lastKnownFileType = file; path = "Polly-Regular.otf"; sourceTree = "<group>"; };
		06D2AC252459B92C000CC0AB /* TuskerGrotesk-4500Medium.ttf */ = {isa = PBXFileReference; lastKnownFileType = file; path = "TuskerGrotesk-4500Medium.ttf"; sourceTree = "<group>"; };
		06E0F51224596BB6003CAB56 /* GoogleService-Info.plist */ = {isa = PBXFileReference; fileEncoding = 4; lastKnownFileType = text.plist.xml; path = "GoogleService-Info.plist"; sourceTree = "<group>"; };
		06E352CB2459D14500722B02 /* StackView.swift */ = {isa = PBXFileReference; lastKnownFileType = sourcecode.swift; path = StackView.swift; sourceTree = "<group>"; };
		06E37F21246937C3005CBFB4 /* NavigationViewController.swift */ = {isa = PBXFileReference; lastKnownFileType = sourcecode.swift; path = NavigationViewController.swift; sourceTree = "<group>"; };
		06E37F232469426F005CBFB4 /* Gradient.swift */ = {isa = PBXFileReference; lastKnownFileType = sourcecode.swift; path = Gradient.swift; sourceTree = "<group>"; };
		0F5D3D33244D88D200D13D0C /* crewsade_app.app */ = {isa = PBXFileReference; explicitFileType = wrapper.application; includeInIndex = 0; path = crewsade_app.app; sourceTree = BUILT_PRODUCTS_DIR; };
		0F5D3D36244D88D200D13D0C /* AppDelegate.swift */ = {isa = PBXFileReference; lastKnownFileType = sourcecode.swift; path = AppDelegate.swift; sourceTree = "<group>"; };
		0F5D3D38244D88D200D13D0C /* SceneDelegate.swift */ = {isa = PBXFileReference; lastKnownFileType = sourcecode.swift; path = SceneDelegate.swift; sourceTree = "<group>"; };
		0F5D3D3A244D88D200D13D0C /* ViewController.swift */ = {isa = PBXFileReference; lastKnownFileType = sourcecode.swift; path = ViewController.swift; sourceTree = "<group>"; };
		0F5D3D3D244D88D200D13D0C /* Base */ = {isa = PBXFileReference; lastKnownFileType = file.storyboard; name = Base; path = Base.lproj/Main.storyboard; sourceTree = "<group>"; };
		0F5D3D3F244D88D500D13D0C /* Assets.xcassets */ = {isa = PBXFileReference; lastKnownFileType = folder.assetcatalog; path = Assets.xcassets; sourceTree = "<group>"; };
		0F5D3D42244D88D500D13D0C /* Base */ = {isa = PBXFileReference; lastKnownFileType = file.storyboard; name = Base; path = Base.lproj/LaunchScreen.storyboard; sourceTree = "<group>"; };
		0F5D3D44244D88D500D13D0C /* Info.plist */ = {isa = PBXFileReference; lastKnownFileType = text.plist.xml; path = Info.plist; sourceTree = "<group>"; };
		0F79069A246D1181008A25B7 /* MapViewController.swift */ = {isa = PBXFileReference; lastKnownFileType = sourcecode.swift; path = MapViewController.swift; sourceTree = "<group>"; };
		0F79069C246D1191008A25B7 /* SpotDetailViewController.swift */ = {isa = PBXFileReference; lastKnownFileType = sourcecode.swift; path = SpotDetailViewController.swift; sourceTree = "<group>"; };
		0F79069E246D11A7008A25B7 /* SpotCreationViewController.swift */ = {isa = PBXFileReference; lastKnownFileType = sourcecode.swift; path = SpotCreationViewController.swift; sourceTree = "<group>"; };
		0F7906A0246D1282008A25B7 /* Spot.swift */ = {isa = PBXFileReference; lastKnownFileType = sourcecode.swift; path = Spot.swift; sourceTree = "<group>"; };
		0F7906A5246D9660008A25B7 /* CarouselUsersTableViewCell.swift */ = {isa = PBXFileReference; lastKnownFileType = sourcecode.swift; path = CarouselUsersTableViewCell.swift; sourceTree = "<group>"; };
		44E3BDC00EDFE9D700A79688 /* Pods-crewsade_app.debug.xcconfig */ = {isa = PBXFileReference; includeInIndex = 1; lastKnownFileType = text.xcconfig; name = "Pods-crewsade_app.debug.xcconfig"; path = "Target Support Files/Pods-crewsade_app/Pods-crewsade_app.debug.xcconfig"; sourceTree = "<group>"; };
		97C5C50E0F4C9ED416B8CAE5 /* Pods_crewsade_app.framework */ = {isa = PBXFileReference; explicitFileType = wrapper.framework; includeInIndex = 0; path = Pods_crewsade_app.framework; sourceTree = BUILT_PRODUCTS_DIR; };
		ABD8AAAEB2A48B0A2BEFA2D7 /* Pods-crewsade_app.release.xcconfig */ = {isa = PBXFileReference; includeInIndex = 1; lastKnownFileType = text.xcconfig; name = "Pods-crewsade_app.release.xcconfig"; path = "Target Support Files/Pods-crewsade_app/Pods-crewsade_app.release.xcconfig"; sourceTree = "<group>"; };
/* End PBXFileReference section */

/* Begin PBXFrameworksBuildPhase section */
		0F5D3D30244D88D200D13D0C /* Frameworks */ = {
			isa = PBXFrameworksBuildPhase;
			buildActionMask = 2147483647;
			files = (
				064D5FB32472A81F005747B4 /* MapboxMobileEvents.framework in Frameworks */,
				A70F1FE2DF6C2320A29A832A /* Pods_crewsade_app.framework in Frameworks */,
			);
			runOnlyForDeploymentPostprocessing = 0;
		};
/* End PBXFrameworksBuildPhase section */

/* Begin PBXGroup section */
		061AAABA245B42050010152E /* SignViewControllers */ = {
			isa = PBXGroup;
			children = (
				061AAABB245B421A0010152E /* SignUpViewController.swift */,
				06C56B8B245C358D00BAC9FB /* SignInViewController.swift */,
				0630737824640A7F00436F70 /* SignsViewController.swift */,
				06805F6F2465BC8F00280A7F /* SetProfileInformationViewController.swift */,
				06324E3D2466AF47006EA196 /* ForgotPasswordViewController.swift */,
			);
			path = SignViewControllers;
			sourceTree = "<group>";
		};
		063073752463FE4C00436F70 /* OnBoarding */ = {
			isa = PBXGroup;
			children = (
				063073762463FEEF00436F70 /* OnBoardingViewController.swift */,
			);
			path = OnBoarding;
			sourceTree = "<group>";
		};
		06324E3A2466A2F4006EA196 /* Utils */ = {
			isa = PBXGroup;
			children = (
				06324E3B2466A32A006EA196 /* handleErrors.swift */,
				065C7E292472F49A00037CE6 /* tableView.swift */,
			);
			path = Utils;
			sourceTree = "<group>";
		};
		0633FC83245AD4AE0096D2E4 /* NavigationControllers */ = {
			isa = PBXGroup;
			children = (
				06A52816245AE38D0026C2A1 /* TabBarViewController.swift */,
				0669151824687BED003D2B29 /* CustomTabBar.swift */,
				06E37F21246937C3005CBFB4 /* NavigationViewController.swift */,
			);
			path = NavigationControllers;
			sourceTree = "<group>";
		};
		06601CFF2453167700267E5D /* ARViewController */ = {
			isa = PBXGroup;
			children = (
				0655284E2456CBC000EC2415 /* ListTricksViewController.swift */,
				06D2AC1B24598552000CC0AB /* ListTricksTableViewCell.swift */,
				069AC3F3245C84CB00AE0F2E /* MainListTricksViewController.swift */,
				06987C9A246194D500D4BF8F /* MainListTricksTableViewCell.swift */,
				061195D62462C8DC00306DE0 /* CarouselTricksCollectionViewCell.swift */,
				06324E412467018F006EA196 /* ARViewController.swift */,
			);
			path = ARViewController;
			sourceTree = "<group>";
		};
		066AFD06246AE53E00F0147F /* GamesViewController */ = {
			isa = PBXGroup;
			children = (
				066AFD07246AE54B00F0147F /* Out */,
				066AFD08246AE56500F0147F /* GamesViewController.swift */,
			);
			path = GamesViewController;
			sourceTree = "<group>";
		};
		066AFD07246AE54B00F0147F /* Out */ = {
			isa = PBXGroup;
			children = (
				066AFD0A246AE62800F0147F /* ListPlayersViewController.swift */,
				066AFD0E246AFCDB00F0147F /* ListPlayersTableViewCell.swift */,
				06222CF2246C067B00E3D454 /* ChallengeLandingViewController.swift */,
				06222CF4246C7C2600E3D454 /* ChallengeAcceptedViewController.swift */,
			);
			path = Out;
			sourceTree = "<group>";
		};
		06805F6824657A4100280A7F /* ProfileViewController */ = {
			isa = PBXGroup;
			children = (
				06805F6924657EF000280A7F /* ProfileViewController.swift */,
				06222CF6246D3BB300E3D454 /* SettingsViewController.swift */,
			);
			path = ProfileViewController;
			sourceTree = "<group>";
		};
		06805F752465C1A100280A7F /* AuthManagers */ = {
			isa = PBXGroup;
			children = (
				069AC3ED245C4B4000AE0F2E /* FirebaseAuthManager.swift */,
				06805F712465C18400280A7F /* GoogleAuthManager.swift */,
				06805F732465C19700280A7F /* FacebookAuthManager.swift */,
			);
			path = AuthManagers;
			sourceTree = "<group>";
		};
		06BB7847245194F60018F605 /* SharedUI */ = {
			isa = PBXGroup;
			children = (
				0F5D3D41244D88D500D13D0C /* LaunchScreen.storyboard */,
				06D2AC202459B74C000CC0AB /* Fonts */,
				06BB7848245195730018F605 /* Style */,
			);
			path = SharedUI;
			sourceTree = "<group>";
		};
		06BB7848245195730018F605 /* Style */ = {
			isa = PBXGroup;
			children = (
				06BB7849245195910018F605 /* Colors.swift */,
				06E352CB2459D14500722B02 /* StackView.swift */,
				06987C9C2461A5B100D4BF8F /* Button.swift */,
				06B03C422464553300191C15 /* textField.swift */,
				06E37F232469426F005CBFB4 /* Gradient.swift */,
			);
			path = Style;
			sourceTree = "<group>";
		};
		06BB784B24519D600018F605 /* ViewControllers */ = {
			isa = PBXGroup;
			children = (
				066AFD06246AE53E00F0147F /* GamesViewController */,
				0F790699246D1163008A25B7 /* MapViewControllers */,
				06805F6824657A4100280A7F /* ProfileViewController */,
				063073752463FE4C00436F70 /* OnBoarding */,
				061AAABA245B42050010152E /* SignViewControllers */,
				0633FC83245AD4AE0096D2E4 /* NavigationControllers */,
				06601CFF2453167700267E5D /* ARViewController */,
				0F5D3D3A244D88D200D13D0C /* ViewController.swift */,
			);
			path = ViewControllers;
			sourceTree = "<group>";
		};
		06BB784C24519E9D0018F605 /* Storyboards */ = {
			isa = PBXGroup;
			children = (
				0F5D3D3C244D88D200D13D0C /* Main.storyboard */,
				06601D002453187700267E5D /* AR.storyboard */,
				0633FC7D245AC8C80096D2E4 /* Map.storyboard */,
				0633FC7F245AC8D60096D2E4 /* Games.storyboard */,
				0633FC81245AC8F20096D2E4 /* Profile.storyboard */,
				061AAAB8245B42000010152E /* Sign.storyboard */,
				063073732463FAF800436F70 /* OnBoarding.storyboard */,
				06805F6D2465BC7C00280A7F /* SetProfileInformation.storyboard */,
			);
			path = Storyboards;
			sourceTree = "<group>";
		};
		06C6AF0624600E42008E45AC /* Services */ = {
			isa = PBXGroup;
			children = (
				06805F752465C1A100280A7F /* AuthManagers */,
				06C6AF0924600F7D008E45AC /* TrickService.swift */,
				06C6AF0B246021D5008E45AC /* LevelService.swift */,
				06C6AF0D24604507008E45AC /* UserService.swift */,
				066AFD0C246AECD200F0147F /* GamesService.swift */,
				069CE52B246D9F5900C0EFE8 /* SessionService.swift */,
			);
			path = Services;
			sourceTree = "<group>";
		};
		06D2AC1D24599542000CC0AB /* Models */ = {
			isa = PBXGroup;
			children = (
				06D2AC1E24599554000CC0AB /* Trick.swift */,
				06C6AF0424600A2A008E45AC /* User.swift */,
				0F7906A0246D1282008A25B7 /* Spot.swift */,
			);
			path = Models;
			sourceTree = "<group>";
		};
		06D2AC202459B74C000CC0AB /* Fonts */ = {
			isa = PBXGroup;
			children = (
				06D2AC252459B92C000CC0AB /* TuskerGrotesk-4500Medium.ttf */,
				06D2AC232459B905000CC0AB /* Polly-Regular.otf */,
				06D2AC212459B8E2000CC0AB /* Heebo-Regular.ttf */,
			);
			path = Fonts;
			sourceTree = "<group>";
		};
		0F5D3D2A244D88D200D13D0C = {
			isa = PBXGroup;
			children = (
				0F5D3D35244D88D200D13D0C /* crewsade_app */,
				0F5D3D34244D88D200D13D0C /* Products */,
				3FC52445F4B40F92DDC12E8C /* Pods */,
				DF7087A665FCF5AC616A4BB3 /* Frameworks */,
			);
			sourceTree = "<group>";
		};
		0F5D3D34244D88D200D13D0C /* Products */ = {
			isa = PBXGroup;
			children = (
				0F5D3D33244D88D200D13D0C /* crewsade_app.app */,
			);
			name = Products;
			sourceTree = "<group>";
		};
		0F5D3D35244D88D200D13D0C /* crewsade_app */ = {
			isa = PBXGroup;
			children = (
				06324E3A2466A2F4006EA196 /* Utils */,
				06C6AF0624600E42008E45AC /* Services */,
				06D2AC1D24599542000CC0AB /* Models */,
				06BB784C24519E9D0018F605 /* Storyboards */,
				06BB784B24519D600018F605 /* ViewControllers */,
				06BB7847245194F60018F605 /* SharedUI */,
				0F5D3D36244D88D200D13D0C /* AppDelegate.swift */,
				0F5D3D38244D88D200D13D0C /* SceneDelegate.swift */,
				0F5D3D44244D88D500D13D0C /* Info.plist */,
				06E0F51224596BB6003CAB56 /* GoogleService-Info.plist */,
				0F5D3D3F244D88D500D13D0C /* Assets.xcassets */,
				06324E3F2467012F006EA196 /* art.scnassets */,
			);
			path = crewsade_app;
			sourceTree = "<group>";
		};
		0F790699246D1163008A25B7 /* MapViewControllers */ = {
			isa = PBXGroup;
			children = (
				0F79069A246D1181008A25B7 /* MapViewController.swift */,
				0F79069C246D1191008A25B7 /* SpotDetailViewController.swift */,
				0F79069E246D11A7008A25B7 /* SpotCreationViewController.swift */,
				0F7906A5246D9660008A25B7 /* CarouselUsersTableViewCell.swift */,
			);
			path = MapViewControllers;
			sourceTree = "<group>";
		};
		3FC52445F4B40F92DDC12E8C /* Pods */ = {
			isa = PBXGroup;
			children = (
				44E3BDC00EDFE9D700A79688 /* Pods-crewsade_app.debug.xcconfig */,
				ABD8AAAEB2A48B0A2BEFA2D7 /* Pods-crewsade_app.release.xcconfig */,
			);
			path = Pods;
			sourceTree = "<group>";
		};
		DF7087A665FCF5AC616A4BB3 /* Frameworks */ = {
			isa = PBXGroup;
			children = (
				064D5FB22472A81F005747B4 /* MapboxMobileEvents.framework */,
				97C5C50E0F4C9ED416B8CAE5 /* Pods_crewsade_app.framework */,
			);
			name = Frameworks;
			sourceTree = "<group>";
		};
/* End PBXGroup section */

/* Begin PBXNativeTarget section */
		0F5D3D32244D88D200D13D0C /* crewsade_app */ = {
			isa = PBXNativeTarget;
			buildConfigurationList = 0F5D3D47244D88D500D13D0C /* Build configuration list for PBXNativeTarget "crewsade_app" */;
			buildPhases = (
				AA6B92B987A6673E031E0674 /* [CP] Check Pods Manifest.lock */,
				0F5D3D2F244D88D200D13D0C /* Sources */,
				0F5D3D30244D88D200D13D0C /* Frameworks */,
				0F5D3D31244D88D200D13D0C /* Resources */,
				877BF4EDEB1E4D8EDA98E187 /* [CP] Copy Pods Resources */,
				85B6D729DF078544FB728B29 /* [CP] Embed Pods Frameworks */,
			);
			buildRules = (
			);
			dependencies = (
			);
			name = crewsade_app;
			productName = crewsade_app;
			productReference = 0F5D3D33244D88D200D13D0C /* crewsade_app.app */;
			productType = "com.apple.product-type.application";
		};
/* End PBXNativeTarget section */

/* Begin PBXProject section */
		0F5D3D2B244D88D200D13D0C /* Project object */ = {
			isa = PBXProject;
			attributes = {
				LastSwiftUpdateCheck = 1130;
				LastUpgradeCheck = 1130;
				ORGANIZATIONNAME = "Lou Batier";
				TargetAttributes = {
					0F5D3D32244D88D200D13D0C = {
						CreatedOnToolsVersion = 11.3.1;
					};
				};
			};
			buildConfigurationList = 0F5D3D2E244D88D200D13D0C /* Build configuration list for PBXProject "crewsade_app" */;
			compatibilityVersion = "Xcode 9.3";
			developmentRegion = en;
			hasScannedForEncodings = 0;
			knownRegions = (
				en,
				Base,
			);
			mainGroup = 0F5D3D2A244D88D200D13D0C;
			productRefGroup = 0F5D3D34244D88D200D13D0C /* Products */;
			projectDirPath = "";
			projectRoot = "";
			targets = (
				0F5D3D32244D88D200D13D0C /* crewsade_app */,
			);
		};
/* End PBXProject section */

/* Begin PBXResourcesBuildPhase section */
		0F5D3D31244D88D200D13D0C /* Resources */ = {
			isa = PBXResourcesBuildPhase;
			buildActionMask = 2147483647;
			files = (
				0F5D3D43244D88D500D13D0C /* LaunchScreen.storyboard in Resources */,
				0633FC82245AC8F20096D2E4 /* Profile.storyboard in Resources */,
				061AAAB9245B42000010152E /* Sign.storyboard in Resources */,
				063073742463FAF800436F70 /* OnBoarding.storyboard in Resources */,
				0F5D3D40244D88D500D13D0C /* Assets.xcassets in Resources */,
				0633FC80245AC8D60096D2E4 /* Games.storyboard in Resources */,
				06805F6E2465BC7C00280A7F /* SetProfileInformation.storyboard in Resources */,
				06324E402467012F006EA196 /* art.scnassets in Resources */,
				0633FC7E245AC8C80096D2E4 /* Map.storyboard in Resources */,
				06E0F51324596BB6003CAB56 /* GoogleService-Info.plist in Resources */,
				0F5D3D3E244D88D200D13D0C /* Main.storyboard in Resources */,
				06E352CA2459BE8C00722B02 /* TuskerGrotesk-4500Medium.ttf in Resources */,
				06601D012453187700267E5D /* AR.storyboard in Resources */,
				06E352C82459BE8600722B02 /* Heebo-Regular.ttf in Resources */,
				06E352C92459BE8900722B02 /* Polly-Regular.otf in Resources */,
			);
			runOnlyForDeploymentPostprocessing = 0;
		};
/* End PBXResourcesBuildPhase section */

/* Begin PBXShellScriptBuildPhase section */
		85B6D729DF078544FB728B29 /* [CP] Embed Pods Frameworks */ = {
			isa = PBXShellScriptBuildPhase;
			buildActionMask = 2147483647;
			files = (
			);
			inputFileListPaths = (
				"${PODS_ROOT}/Target Support Files/Pods-crewsade_app/Pods-crewsade_app-frameworks-${CONFIGURATION}-input-files.xcfilelist",
			);
			name = "[CP] Embed Pods Frameworks";
			outputFileListPaths = (
				"${PODS_ROOT}/Target Support Files/Pods-crewsade_app/Pods-crewsade_app-frameworks-${CONFIGURATION}-output-files.xcfilelist",
			);
			runOnlyForDeploymentPostprocessing = 0;
			shellPath = /bin/sh;
			shellScript = "\"${PODS_ROOT}/Target Support Files/Pods-crewsade_app/Pods-crewsade_app-frameworks.sh\"\n";
			showEnvVarsInLog = 0;
		};
		877BF4EDEB1E4D8EDA98E187 /* [CP] Copy Pods Resources */ = {
			isa = PBXShellScriptBuildPhase;
			buildActionMask = 2147483647;
			files = (
			);
			inputFileListPaths = (
				"${PODS_ROOT}/Target Support Files/Pods-crewsade_app/Pods-crewsade_app-resources-${CONFIGURATION}-input-files.xcfilelist",
			);
			name = "[CP] Copy Pods Resources";
			outputFileListPaths = (
				"${PODS_ROOT}/Target Support Files/Pods-crewsade_app/Pods-crewsade_app-resources-${CONFIGURATION}-output-files.xcfilelist",
			);
			runOnlyForDeploymentPostprocessing = 0;
			shellPath = /bin/sh;
			shellScript = "\"${PODS_ROOT}/Target Support Files/Pods-crewsade_app/Pods-crewsade_app-resources.sh\"\n";
			showEnvVarsInLog = 0;
		};
		AA6B92B987A6673E031E0674 /* [CP] Check Pods Manifest.lock */ = {
			isa = PBXShellScriptBuildPhase;
			buildActionMask = 2147483647;
			files = (
			);
			inputFileListPaths = (
			);
			inputPaths = (
				"${PODS_PODFILE_DIR_PATH}/Podfile.lock",
				"${PODS_ROOT}/Manifest.lock",
			);
			name = "[CP] Check Pods Manifest.lock";
			outputFileListPaths = (
			);
			outputPaths = (
				"$(DERIVED_FILE_DIR)/Pods-crewsade_app-checkManifestLockResult.txt",
			);
			runOnlyForDeploymentPostprocessing = 0;
			shellPath = /bin/sh;
			shellScript = "diff \"${PODS_PODFILE_DIR_PATH}/Podfile.lock\" \"${PODS_ROOT}/Manifest.lock\" > /dev/null\nif [ $? != 0 ] ; then\n    # print error to STDERR\n    echo \"error: The sandbox is not in sync with the Podfile.lock. Run 'pod install' or update your CocoaPods installation.\" >&2\n    exit 1\nfi\n# This output is used by Xcode 'outputs' to avoid re-running this script phase.\necho \"SUCCESS\" > \"${SCRIPT_OUTPUT_FILE_0}\"\n";
			showEnvVarsInLog = 0;
		};
/* End PBXShellScriptBuildPhase section */

/* Begin PBXSourcesBuildPhase section */
		0F5D3D2F244D88D200D13D0C /* Sources */ = {
			isa = PBXSourcesBuildPhase;
			buildActionMask = 2147483647;
			files = (
				0F79069B246D1181008A25B7 /* MapViewController.swift in Sources */,
				06805F722465C18400280A7F /* GoogleAuthManager.swift in Sources */,
				069AC3F4245C84CB00AE0F2E /* MainListTricksViewController.swift in Sources */,
				06B03C432464553300191C15 /* textField.swift in Sources */,
				066AFD0D246AECD200F0147F /* GamesService.swift in Sources */,
				06C56B8C245C358D00BAC9FB /* SignInViewController.swift in Sources */,
				0F5D3D3B244D88D200D13D0C /* ViewController.swift in Sources */,
				06222CF3246C067B00E3D454 /* ChallengeLandingViewController.swift in Sources */,
				06D2AC1F24599554000CC0AB /* Trick.swift in Sources */,
				06BB784A245195910018F605 /* Colors.swift in Sources */,
				06987C9D2461A5B100D4BF8F /* Button.swift in Sources */,
				06E37F242469426F005CBFB4 /* Gradient.swift in Sources */,
				06E37F22246937C3005CBFB4 /* NavigationViewController.swift in Sources */,
				06805F742465C19700280A7F /* FacebookAuthManager.swift in Sources */,
				06324E422467018F006EA196 /* ARViewController.swift in Sources */,
				06805F702465BC8F00280A7F /* SetProfileInformationViewController.swift in Sources */,
				06E352CC2459D14500722B02 /* StackView.swift in Sources */,
				0F79069F246D11A7008A25B7 /* SpotCreationViewController.swift in Sources */,
				06C6AF0E24604507008E45AC /* UserService.swift in Sources */,
				06C6AF0C246021D5008E45AC /* LevelService.swift in Sources */,
				063073772463FEEF00436F70 /* OnBoardingViewController.swift in Sources */,
				06C6AF0524600A2A008E45AC /* User.swift in Sources */,
				06222CF5246C7C2600E3D454 /* ChallengeAcceptedViewController.swift in Sources */,
				0F79069D246D1191008A25B7 /* SpotDetailViewController.swift in Sources */,
				0F7906A1246D1282008A25B7 /* Spot.swift in Sources */,
				061AAABC245B421A0010152E /* SignUpViewController.swift in Sources */,
				069AC3EE245C4B4000AE0F2E /* FirebaseAuthManager.swift in Sources */,
				06222CF7246D3BB300E3D454 /* SettingsViewController.swift in Sources */,
				06A52817245AE38D0026C2A1 /* TabBarViewController.swift in Sources */,
				066AFD0B246AE62800F0147F /* ListPlayersViewController.swift in Sources */,
				0F5D3D37244D88D200D13D0C /* AppDelegate.swift in Sources */,
				066AFD09246AE56500F0147F /* GamesViewController.swift in Sources */,
				06C6AF0A24600F7D008E45AC /* TrickService.swift in Sources */,
				06D2AC1C24598552000CC0AB /* ListTricksTableViewCell.swift in Sources */,
				0655284F2456CBC000EC2415 /* ListTricksViewController.swift in Sources */,
				065C7E2A2472F49A00037CE6 /* tableView.swift in Sources */,
				06324E3C2466A32A006EA196 /* handleErrors.swift in Sources */,
				06987C9B246194D500D4BF8F /* MainListTricksTableViewCell.swift in Sources */,
				0630737924640A7F00436F70 /* SignsViewController.swift in Sources */,
				066AFD0F246AFCDB00F0147F /* ListPlayersTableViewCell.swift in Sources */,
				06805F6A24657EF000280A7F /* ProfileViewController.swift in Sources */,
				061195D72462C8DC00306DE0 /* CarouselTricksCollectionViewCell.swift in Sources */,
				0F7906A6246D9660008A25B7 /* CarouselUsersTableViewCell.swift in Sources */,
				06324E3E2466AF47006EA196 /* ForgotPasswordViewController.swift in Sources */,
				069CE52C246D9F5900C0EFE8 /* SessionService.swift in Sources */,
				0669151924687BED003D2B29 /* CustomTabBar.swift in Sources */,
				0F5D3D39244D88D200D13D0C /* SceneDelegate.swift in Sources */,
			);
			runOnlyForDeploymentPostprocessing = 0;
		};
/* End PBXSourcesBuildPhase section */

/* Begin PBXVariantGroup section */
		0F5D3D3C244D88D200D13D0C /* Main.storyboard */ = {
			isa = PBXVariantGroup;
			children = (
				0F5D3D3D244D88D200D13D0C /* Base */,
			);
			name = Main.storyboard;
			sourceTree = "<group>";
		};
		0F5D3D41244D88D500D13D0C /* LaunchScreen.storyboard */ = {
			isa = PBXVariantGroup;
			children = (
				0F5D3D42244D88D500D13D0C /* Base */,
			);
			name = LaunchScreen.storyboard;
			sourceTree = "<group>";
		};
/* End PBXVariantGroup section */

/* Begin XCBuildConfiguration section */
		0F5D3D45244D88D500D13D0C /* Debug */ = {
			isa = XCBuildConfiguration;
			buildSettings = {
				ALWAYS_SEARCH_USER_PATHS = NO;
				CLANG_ANALYZER_NONNULL = YES;
				CLANG_ANALYZER_NUMBER_OBJECT_CONVERSION = YES_AGGRESSIVE;
				CLANG_CXX_LANGUAGE_STANDARD = "gnu++14";
				CLANG_CXX_LIBRARY = "libc++";
				CLANG_ENABLE_MODULES = YES;
				CLANG_ENABLE_OBJC_ARC = YES;
				CLANG_ENABLE_OBJC_WEAK = YES;
				CLANG_WARN_BLOCK_CAPTURE_AUTORELEASING = YES;
				CLANG_WARN_BOOL_CONVERSION = YES;
				CLANG_WARN_COMMA = YES;
				CLANG_WARN_CONSTANT_CONVERSION = YES;
				CLANG_WARN_DEPRECATED_OBJC_IMPLEMENTATIONS = YES;
				CLANG_WARN_DIRECT_OBJC_ISA_USAGE = YES_ERROR;
				CLANG_WARN_DOCUMENTATION_COMMENTS = YES;
				CLANG_WARN_EMPTY_BODY = YES;
				CLANG_WARN_ENUM_CONVERSION = YES;
				CLANG_WARN_INFINITE_RECURSION = YES;
				CLANG_WARN_INT_CONVERSION = YES;
				CLANG_WARN_NON_LITERAL_NULL_CONVERSION = YES;
				CLANG_WARN_OBJC_IMPLICIT_RETAIN_SELF = YES;
				CLANG_WARN_OBJC_LITERAL_CONVERSION = YES;
				CLANG_WARN_OBJC_ROOT_CLASS = YES_ERROR;
				CLANG_WARN_RANGE_LOOP_ANALYSIS = YES;
				CLANG_WARN_STRICT_PROTOTYPES = YES;
				CLANG_WARN_SUSPICIOUS_MOVE = YES;
				CLANG_WARN_UNGUARDED_AVAILABILITY = YES_AGGRESSIVE;
				CLANG_WARN_UNREACHABLE_CODE = YES;
				CLANG_WARN__DUPLICATE_METHOD_MATCH = YES;
				COPY_PHASE_STRIP = NO;
				DEBUG_INFORMATION_FORMAT = dwarf;
				ENABLE_STRICT_OBJC_MSGSEND = YES;
				ENABLE_TESTABILITY = YES;
				GCC_C_LANGUAGE_STANDARD = gnu11;
				GCC_DYNAMIC_NO_PIC = NO;
				GCC_NO_COMMON_BLOCKS = YES;
				GCC_OPTIMIZATION_LEVEL = 0;
				GCC_PREPROCESSOR_DEFINITIONS = (
					"DEBUG=1",
					"$(inherited)",
				);
				GCC_WARN_64_TO_32_BIT_CONVERSION = YES;
				GCC_WARN_ABOUT_RETURN_TYPE = YES_ERROR;
				GCC_WARN_UNDECLARED_SELECTOR = YES;
				GCC_WARN_UNINITIALIZED_AUTOS = YES_AGGRESSIVE;
				GCC_WARN_UNUSED_FUNCTION = YES;
				GCC_WARN_UNUSED_VARIABLE = YES;
				IPHONEOS_DEPLOYMENT_TARGET = 13.2;
				MTL_ENABLE_DEBUG_INFO = INCLUDE_SOURCE;
				MTL_FAST_MATH = YES;
				ONLY_ACTIVE_ARCH = YES;
				SDKROOT = iphoneos;
				SWIFT_ACTIVE_COMPILATION_CONDITIONS = DEBUG;
				SWIFT_OPTIMIZATION_LEVEL = "-Onone";
			};
			name = Debug;
		};
		0F5D3D46244D88D500D13D0C /* Release */ = {
			isa = XCBuildConfiguration;
			buildSettings = {
				ALWAYS_SEARCH_USER_PATHS = NO;
				CLANG_ANALYZER_NONNULL = YES;
				CLANG_ANALYZER_NUMBER_OBJECT_CONVERSION = YES_AGGRESSIVE;
				CLANG_CXX_LANGUAGE_STANDARD = "gnu++14";
				CLANG_CXX_LIBRARY = "libc++";
				CLANG_ENABLE_MODULES = YES;
				CLANG_ENABLE_OBJC_ARC = YES;
				CLANG_ENABLE_OBJC_WEAK = YES;
				CLANG_WARN_BLOCK_CAPTURE_AUTORELEASING = YES;
				CLANG_WARN_BOOL_CONVERSION = YES;
				CLANG_WARN_COMMA = YES;
				CLANG_WARN_CONSTANT_CONVERSION = YES;
				CLANG_WARN_DEPRECATED_OBJC_IMPLEMENTATIONS = YES;
				CLANG_WARN_DIRECT_OBJC_ISA_USAGE = YES_ERROR;
				CLANG_WARN_DOCUMENTATION_COMMENTS = YES;
				CLANG_WARN_EMPTY_BODY = YES;
				CLANG_WARN_ENUM_CONVERSION = YES;
				CLANG_WARN_INFINITE_RECURSION = YES;
				CLANG_WARN_INT_CONVERSION = YES;
				CLANG_WARN_NON_LITERAL_NULL_CONVERSION = YES;
				CLANG_WARN_OBJC_IMPLICIT_RETAIN_SELF = YES;
				CLANG_WARN_OBJC_LITERAL_CONVERSION = YES;
				CLANG_WARN_OBJC_ROOT_CLASS = YES_ERROR;
				CLANG_WARN_RANGE_LOOP_ANALYSIS = YES;
				CLANG_WARN_STRICT_PROTOTYPES = YES;
				CLANG_WARN_SUSPICIOUS_MOVE = YES;
				CLANG_WARN_UNGUARDED_AVAILABILITY = YES_AGGRESSIVE;
				CLANG_WARN_UNREACHABLE_CODE = YES;
				CLANG_WARN__DUPLICATE_METHOD_MATCH = YES;
				COPY_PHASE_STRIP = NO;
				DEBUG_INFORMATION_FORMAT = "dwarf-with-dsym";
				ENABLE_NS_ASSERTIONS = NO;
				ENABLE_STRICT_OBJC_MSGSEND = YES;
				GCC_C_LANGUAGE_STANDARD = gnu11;
				GCC_NO_COMMON_BLOCKS = YES;
				GCC_WARN_64_TO_32_BIT_CONVERSION = YES;
				GCC_WARN_ABOUT_RETURN_TYPE = YES_ERROR;
				GCC_WARN_UNDECLARED_SELECTOR = YES;
				GCC_WARN_UNINITIALIZED_AUTOS = YES_AGGRESSIVE;
				GCC_WARN_UNUSED_FUNCTION = YES;
				GCC_WARN_UNUSED_VARIABLE = YES;
				IPHONEOS_DEPLOYMENT_TARGET = 13.2;
				MTL_ENABLE_DEBUG_INFO = NO;
				MTL_FAST_MATH = YES;
				SDKROOT = iphoneos;
				SWIFT_COMPILATION_MODE = wholemodule;
				SWIFT_OPTIMIZATION_LEVEL = "-O";
				VALIDATE_PRODUCT = YES;
			};
			name = Release;
		};
		0F5D3D48244D88D500D13D0C /* Debug */ = {
			isa = XCBuildConfiguration;
			baseConfigurationReference = 44E3BDC00EDFE9D700A79688 /* Pods-crewsade_app.debug.xcconfig */;
			buildSettings = {
				ASSETCATALOG_COMPILER_APPICON_NAME = AppIcon;
				CODE_SIGN_STYLE = Automatic;
				DEVELOPMENT_TEAM = 86D3RP5457;
				INFOPLIST_FILE = crewsade_app/Info.plist;
				IPHONEOS_DEPLOYMENT_TARGET = 13.4;
				LD_RUNPATH_SEARCH_PATHS = (
					"$(inherited)",
					"@executable_path/Frameworks",
				);
				PRODUCT_BUNDLE_IDENTIFIER = "LB.crewsade-app";
				PRODUCT_NAME = "$(TARGET_NAME)";
				SWIFT_VERSION = 5.0;
				TARGETED_DEVICE_FAMILY = 1;
			};
			name = Debug;
		};
		0F5D3D49244D88D500D13D0C /* Release */ = {
			isa = XCBuildConfiguration;
			baseConfigurationReference = ABD8AAAEB2A48B0A2BEFA2D7 /* Pods-crewsade_app.release.xcconfig */;
			buildSettings = {
				ASSETCATALOG_COMPILER_APPICON_NAME = AppIcon;
				CODE_SIGN_STYLE = Automatic;
				DEVELOPMENT_TEAM = 86D3RP5457;
				INFOPLIST_FILE = crewsade_app/Info.plist;
				IPHONEOS_DEPLOYMENT_TARGET = 13.4;
				LD_RUNPATH_SEARCH_PATHS = (
					"$(inherited)",
					"@executable_path/Frameworks",
				);
				PRODUCT_BUNDLE_IDENTIFIER = "LB.crewsade-app";
				PRODUCT_NAME = "$(TARGET_NAME)";
				SWIFT_VERSION = 5.0;
				TARGETED_DEVICE_FAMILY = 1;
			};
			name = Release;
		};
/* End XCBuildConfiguration section */

/* Begin XCConfigurationList section */
		0F5D3D2E244D88D200D13D0C /* Build configuration list for PBXProject "crewsade_app" */ = {
			isa = XCConfigurationList;
			buildConfigurations = (
				0F5D3D45244D88D500D13D0C /* Debug */,
				0F5D3D46244D88D500D13D0C /* Release */,
			);
			defaultConfigurationIsVisible = 0;
			defaultConfigurationName = Release;
		};
		0F5D3D47244D88D500D13D0C /* Build configuration list for PBXNativeTarget "crewsade_app" */ = {
			isa = XCConfigurationList;
			buildConfigurations = (
				0F5D3D48244D88D500D13D0C /* Debug */,
				0F5D3D49244D88D500D13D0C /* Release */,
			);
			defaultConfigurationIsVisible = 0;
			defaultConfigurationName = Release;
		};
/* End XCConfigurationList section */
	};
	rootObject = 0F5D3D2B244D88D200D13D0C /* Project object */;
}
